
Microsoft Visual Studio Solution File, Format Version 12.00
# Visual Studio Version 16
VisualStudioVersion = 16.0.30626.31
MinimumVisualStudioVersion = 10.0.40219.1
Project("{9A19103F-16F7-4668-BE54-9A1E7A4F7556}") = "AivenEcommerce.V1.WebApi", "AivenEcommerce.V1.WebApi\AivenEcommerce.V1.WebApi.csproj", "{6BAF16EC-3BE8-48DE-8079-46C8AFE8216B}"
EndProject
Project("{9A19103F-16F7-4668-BE54-9A1E7A4F7556}") = "AivenEcommerce.V1.Domain", "AivenEcommerce.V1.Domain\AivenEcommerce.V1.Domain.csproj", "{FBE2CDC7-0C71-4630-9176-B183F58734B1}"
EndProject
Project("{9A19103F-16F7-4668-BE54-9A1E7A4F7556}") = "AivenEcommerce.V1.Application", "AivenEcommerce.V1.Application\AivenEcommerce.V1.Application.csproj", "{6770555F-6F30-49E8-9190-22880245B41E}"
EndProject
Project("{9A19103F-16F7-4668-BE54-9A1E7A4F7556}") = "AivenEcommerce.V1.Infrastructure", "AivenEcommerce.V1.Infrastructure\AivenEcommerce.V1.Infrastructure.csproj", "{A767BA63-4A40-4AE7-B950-5C99C1D37D3E}"
EndProject
Project("{2150E333-8FDC-42A3-9474-1A3956D46DE8}") = "Modules", "Modules", "{811EAF70-75D4-418B-8C89-E0EFB72FB11D}"
EndProject
Project("{9A19103F-16F7-4668-BE54-9A1E7A4F7556}") = "AivenEcommerce.V1.Modules.ImgBB", "AivenEcommerce.V1.Modules.ImgBB\AivenEcommerce.V1.Modules.ImgBB.csproj", "{805025D8-76F6-4FFF-A53B-62DB9D614945}"
EndProject
Project("{FAE04EC0-301F-11D3-BF4B-00C04F79EFBC}") = "AivenEcommerce.V1.Modules.GitHub", "AivenEcommerce.V1.Modules.GitHub\AivenEcommerce.V1.Modules.GitHub.csproj", "{FFB907B0-B7FD-48A8-921B-C197A12228FD}"
EndProject
Project("{2150E333-8FDC-42A3-9474-1A3956D46DE8}") = "ImgBB", "ImgBB", "{2BFC16B7-72CF-40D3-BC13-E7684DEB777E}"
EndProject
Project("{FAE04EC0-301F-11D3-BF4B-00C04F79EFBC}") = "AivenEcommerce.V1.Modules.ImgBB.DependencyInjection", "AivenEcommerce.V1.Modules.ImgBB.DependencyInjection\AivenEcommerce.V1.Modules.ImgBB.DependencyInjection.csproj", "{E6C1585D-F079-47D5-A6B1-3BE3EEB143DE}"
EndProject
Project("{2150E333-8FDC-42A3-9474-1A3956D46DE8}") = "GitHub", "GitHub", "{0705F958-33EC-459E-A679-F6D757B14C61}"
EndProject
Project("{FAE04EC0-301F-11D3-BF4B-00C04F79EFBC}") = "AivenEcommerce.V1.Modules.GitHub.DependencyInjection", "AivenEcommerce.V1.Modules.GitHub.DependencyInjection\AivenEcommerce.V1.Modules.GitHub.DependencyInjection.csproj", "{3110556E-CED9-4A10-AF12-596F7CED694B}"
EndProject
Global
	GlobalSection(SolutionConfigurationPlatforms) = preSolution
		Debug|Any CPU = Debug|Any CPU
		Release|Any CPU = Release|Any CPU
	EndGlobalSection
	GlobalSection(ProjectConfigurationPlatforms) = postSolution
		{6BAF16EC-3BE8-48DE-8079-46C8AFE8216B}.Debug|Any CPU.ActiveCfg = Debug|Any CPU
		{6BAF16EC-3BE8-48DE-8079-46C8AFE8216B}.Debug|Any CPU.Build.0 = Debug|Any CPU
		{6BAF16EC-3BE8-48DE-8079-46C8AFE8216B}.Release|Any CPU.ActiveCfg = Release|Any CPU
		{6BAF16EC-3BE8-48DE-8079-46C8AFE8216B}.Release|Any CPU.Build.0 = Release|Any CPU
		{FBE2CDC7-0C71-4630-9176-B183F58734B1}.Debug|Any CPU.ActiveCfg = Debug|Any CPU
		{FBE2CDC7-0C71-4630-9176-B183F58734B1}.Debug|Any CPU.Build.0 = Debug|Any CPU
		{FBE2CDC7-0C71-4630-9176-B183F58734B1}.Release|Any CPU.ActiveCfg = Release|Any CPU
		{FBE2CDC7-0C71-4630-9176-B183F58734B1}.Release|Any CPU.Build.0 = Release|Any CPU
		{6770555F-6F30-49E8-9190-22880245B41E}.Debug|Any CPU.ActiveCfg = Debug|Any CPU
		{6770555F-6F30-49E8-9190-22880245B41E}.Debug|Any CPU.Build.0 = Debug|Any CPU
		{6770555F-6F30-49E8-9190-22880245B41E}.Release|Any CPU.ActiveCfg = Release|Any CPU
		{6770555F-6F30-49E8-9190-22880245B41E}.Release|Any CPU.Build.0 = Release|Any CPU
		{A767BA63-4A40-4AE7-B950-5C99C1D37D3E}.Debug|Any CPU.ActiveCfg = Debug|Any CPU
		{A767BA63-4A40-4AE7-B950-5C99C1D37D3E}.Debug|Any CPU.Build.0 = Debug|Any CPU
		{A767BA63-4A40-4AE7-B950-5C99C1D37D3E}.Release|Any CPU.ActiveCfg = Release|Any CPU
		{A767BA63-4A40-4AE7-B950-5C99C1D37D3E}.Release|Any CPU.Build.0 = Release|Any CPU
		{805025D8-76F6-4FFF-A53B-62DB9D614945}.Debug|Any CPU.ActiveCfg = Debug|Any CPU
		{805025D8-76F6-4FFF-A53B-62DB9D614945}.Debug|Any CPU.Build.0 = Debug|Any CPU
		{805025D8-76F6-4FFF-A53B-62DB9D614945}.Release|Any CPU.ActiveCfg = Release|Any CPU
		{805025D8-76F6-4FFF-A53B-62DB9D614945}.Release|Any CPU.Build.0 = Release|Any CPU
		{FFB907B0-B7FD-48A8-921B-C197A12228FD}.Debug|Any CPU.ActiveCfg = Debug|Any CPU
		{FFB907B0-B7FD-48A8-921B-C197A12228FD}.Debug|Any CPU.Build.0 = Debug|Any CPU
		{FFB907B0-B7FD-48A8-921B-C197A12228FD}.Release|Any CPU.ActiveCfg = Release|Any CPU
		{FFB907B0-B7FD-48A8-921B-C197A12228FD}.Release|Any CPU.Build.0 = Release|Any CPU
		{E6C1585D-F079-47D5-A6B1-3BE3EEB143DE}.Debug|Any CPU.ActiveCfg = Debug|Any CPU
		{E6C1585D-F079-47D5-A6B1-3BE3EEB143DE}.Debug|Any CPU.Build.0 = Debug|Any CPU
		{E6C1585D-F079-47D5-A6B1-3BE3EEB143DE}.Release|Any CPU.ActiveCfg = Release|Any CPU
		{E6C1585D-F079-47D5-A6B1-3BE3EEB143DE}.Release|Any CPU.Build.0 = Release|Any CPU
		{3110556E-CED9-4A10-AF12-596F7CED694B}.Debug|Any CPU.ActiveCfg = Debug|Any CPU
		{3110556E-CED9-4A10-AF12-596F7CED694B}.Debug|Any CPU.Build.0 = Debug|Any CPU
		{3110556E-CED9-4A10-AF12-596F7CED694B}.Release|Any CPU.ActiveCfg = Release|Any CPU
		{3110556E-CED9-4A10-AF12-596F7CED694B}.Release|Any CPU.Build.0 = Release|Any CPU
	EndGlobalSection
	GlobalSection(SolutionProperties) = preSolution
		HideSolutionNode = FALSE
	EndGlobalSection
	GlobalSection(NestedProjects) = preSolution
		{805025D8-76F6-4FFF-A53B-62DB9D614945} = {2BFC16B7-72CF-40D3-BC13-E7684DEB777E}
		{FFB907B0-B7FD-48A8-921B-C197A12228FD} = {0705F958-33EC-459E-A679-F6D757B14C61}
		{2BFC16B7-72CF-40D3-BC13-E7684DEB777E} = {811EAF70-75D4-418B-8C89-E0EFB72FB11D}
		{E6C1585D-F079-47D5-A6B1-3BE3EEB143DE} = {2BFC16B7-72CF-40D3-BC13-E7684DEB777E}
		{0705F958-33EC-459E-A679-F6D757B14C61} = {811EAF70-75D4-418B-8C89-E0EFB72FB11D}
		{3110556E-CED9-4A10-AF12-596F7CED694B} = {0705F958-33EC-459E-A679-F6D757B14C61}
	EndGlobalSection
	GlobalSection(ExtensibilityGlobals) = postSolution
		SolutionGuid = {2D1E3C23-99A2-4429-8D3F-B998DED510E3}
	EndGlobalSection
EndGlobal
